
Microsoft Visual Studio Solution File, Format Version 12.00
# Visual Studio Version 16
VisualStudioVersion = 16.0.30011.22
MinimumVisualStudioVersion = 10.0.40219.1
Project("{8BC9CEB8-8B4A-11D0-8D11-00A0C91BC942}") = "Test", "Test.vcxproj", "{98A5246C-5463-4CA7-9C99-9AA98E7E597B}"
EndProject
Global
	GlobalSection(SolutionConfigurationPlatforms) = preSolution
		Debug|x64 = Debug|x64
		Debug|x86 = Debug|x86
		Release|x64 = Release|x64
		Release|x86 = Release|x86
	EndGlobalSection
	GlobalSection(ProjectConfigurationPlatforms) = postSolution
		{98A5246C-5463-4CA7-9C99-9AA98E7E597B}.Debug|x64.ActiveCfg = Debug|x64
		{98A5246C-5463-4CA7-9C99-9AA98E7E597B}.Debug|x64.Build.0 = Debug|x64
		{98A5246C-5463-4CA7-9C99-9AA98E7E597B}.Debug|x86.ActiveCfg = Debug|Win32
		{98A5246C-5463-4CA7-9C99-9AA98E7E597B}.Debug|x86.Build.0 = Debug|Win32
		{98A5246C-5463-4CA7-9C99-9AA98E7E597B}.Release|x64.ActiveCfg = Release|x64
		{98A5246C-5463-4CA7-9C99-9AA98E7E597B}.Release|x64.Build.0 = Release|x64
		{98A5246C-5463-4CA7-9C99-9AA98E7E597B}.Release|x86.ActiveCfg = Release|Win32
		{98A5246C-5463-4CA7-9C99-9AA98E7E597B}.Release|x86.Build.0 = Release|Win32
	EndGlobalSection
	GlobalSection(SolutionProperties) = preSolution
		HideSolutionNode = FALSE
	EndGlobalSection
	GlobalSection(ExtensibilityGlobals) = postSolution
		SolutionGuid = {8CEFE33B-03F0-443D-846A-982ED1687875}
	EndGlobalSection
EndGlobal
