
Microsoft Visual Studio Solution File, Format Version 12.00
# Visual Studio Version 16
VisualStudioVersion = 16.0.30011.22
MinimumVisualStudioVersion = 10.0.40219.1
Project("{FAE04EC0-301F-11D3-BF4B-00C04F79EFBC}") = "ExamSystem", "ExamSystem\ExamSystem.csproj", "{B3F22F8D-87D9-4904-BDB8-3B1D9F931DB1}"
EndProject
Global
	GlobalSection(SolutionConfigurationPlatforms) = preSolution
		Debug|Any CPU = Debug|Any CPU
		Release|Any CPU = Release|Any CPU
	EndGlobalSection
	GlobalSection(ProjectConfigurationPlatforms) = postSolution
		{B3F22F8D-87D9-4904-BDB8-3B1D9F931DB1}.Debug|Any CPU.ActiveCfg = Debug|Any CPU
		{B3F22F8D-87D9-4904-BDB8-3B1D9F931DB1}.Debug|Any CPU.Build.0 = Debug|Any CPU
		{B3F22F8D-87D9-4904-BDB8-3B1D9F931DB1}.Release|Any CPU.ActiveCfg = Release|Any CPU
		{B3F22F8D-87D9-4904-BDB8-3B1D9F931DB1}.Release|Any CPU.Build.0 = Release|Any CPU
	EndGlobalSection
	GlobalSection(SolutionProperties) = preSolution
		HideSolutionNode = FALSE
	EndGlobalSection
	GlobalSection(ExtensibilityGlobals) = postSolution
		SolutionGuid = {671C1DD1-17D6-4562-8816-52BC9BE5A2BE}
	EndGlobalSection
EndGlobal
