
Microsoft Visual Studio Solution File, Format Version 12.00
# Visual Studio Version 16
VisualStudioVersion = 16.0.30011.22
MinimumVisualStudioVersion = 10.0.40219.1
Project("{FAE04EC0-301F-11D3-BF4B-00C04F79EFBC}") = "Thread4", "Thread4\Thread4.csproj", "{CAB70D68-77FA-4E1C-B074-9B081EC59715}"
EndProject
Global
	GlobalSection(SolutionConfigurationPlatforms) = preSolution
		Debug|Any CPU = Debug|Any CPU
		Release|Any CPU = Release|Any CPU
	EndGlobalSection
	GlobalSection(ProjectConfigurationPlatforms) = postSolution
		{CAB70D68-77FA-4E1C-B074-9B081EC59715}.Debug|Any CPU.ActiveCfg = Debug|Any CPU
		{CAB70D68-77FA-4E1C-B074-9B081EC59715}.Debug|Any CPU.Build.0 = Debug|Any CPU
		{CAB70D68-77FA-4E1C-B074-9B081EC59715}.Release|Any CPU.ActiveCfg = Release|Any CPU
		{CAB70D68-77FA-4E1C-B074-9B081EC59715}.Release|Any CPU.Build.0 = Release|Any CPU
	EndGlobalSection
	GlobalSection(SolutionProperties) = preSolution
		HideSolutionNode = FALSE
	EndGlobalSection
	GlobalSection(ExtensibilityGlobals) = postSolution
		SolutionGuid = {971D1680-022A-42A9-A084-82786DACF642}
	EndGlobalSection
EndGlobal
