
Microsoft Visual Studio Solution File, Format Version 12.00
# Visual Studio Version 16
VisualStudioVersion = 16.0.30011.22
MinimumVisualStudioVersion = 10.0.40219.1
Project("{FAE04EC0-301F-11D3-BF4B-00C04F79EFBC}") = "Synchro1", "Synchro1\Synchro1.csproj", "{30FF079B-835C-4C3F-BEBC-79388F7E1B45}"
EndProject
Global
	GlobalSection(SolutionConfigurationPlatforms) = preSolution
		Debug|Any CPU = Debug|Any CPU
		Release|Any CPU = Release|Any CPU
	EndGlobalSection
	GlobalSection(ProjectConfigurationPlatforms) = postSolution
		{30FF079B-835C-4C3F-BEBC-79388F7E1B45}.Debug|Any CPU.ActiveCfg = Debug|Any CPU
		{30FF079B-835C-4C3F-BEBC-79388F7E1B45}.Debug|Any CPU.Build.0 = Debug|Any CPU
		{30FF079B-835C-4C3F-BEBC-79388F7E1B45}.Release|Any CPU.ActiveCfg = Release|Any CPU
		{30FF079B-835C-4C3F-BEBC-79388F7E1B45}.Release|Any CPU.Build.0 = Release|Any CPU
	EndGlobalSection
	GlobalSection(SolutionProperties) = preSolution
		HideSolutionNode = FALSE
	EndGlobalSection
	GlobalSection(ExtensibilityGlobals) = postSolution
		SolutionGuid = {45F46DAE-9B64-4BB8-B719-6A19CD25C091}
	EndGlobalSection
EndGlobal
